
Microsoft Visual Studio Solution File, Format Version 12.00
# Visual Studio Version 17
VisualStudioVersion = 17.11.35312.102
MinimumVisualStudioVersion = 10.0.40219.1
Project("{9A19103F-16F7-4668-BE54-9A1E7A4F7556}") = "BettererFishing", "BettererFishing\BettererFishing.csproj", "{C3BDF5AC-5979-41D0-B87F-AE85308A9E8D}"
EndProject
Global
	GlobalSection(SolutionConfigurationPlatforms) = preSolution
		Debug|Any CPU = Debug|Any CPU
		Release|Any CPU = Release|Any CPU
	EndGlobalSection
	GlobalSection(ProjectConfigurationPlatforms) = postSolution
		{C3BDF5AC-5979-41D0-B87F-AE85308A9E8D}.Debug|Any CPU.ActiveCfg = Debug|Any CPU
		{C3BDF5AC-5979-41D0-B87F-AE85308A9E8D}.Debug|Any CPU.Build.0 = Debug|Any CPU
		{C3BDF5AC-5979-41D0-B87F-AE85308A9E8D}.Release|Any CPU.ActiveCfg = Release|Any CPU
		{C3BDF5AC-5979-41D0-B87F-AE85308A9E8D}.Release|Any CPU.Build.0 = Release|Any CPU
	EndGlobalSection
	GlobalSection(SolutionProperties) = preSolution
		HideSolutionNode = FALSE
	EndGlobalSection
	GlobalSection(ExtensibilityGlobals) = postSolution
		SolutionGuid = {BC050FFD-E7DA-4634-805D-70CCD7EE1B68}
	EndGlobalSection
EndGlobal
